
Microsoft Visual Studio Solution File, Format Version 12.00
# Visual Studio Version 16
VisualStudioVersion = 16.0.31321.278
MinimumVisualStudioVersion = 10.0.40219.1
Project("{FAE04EC0-301F-11D3-BF4B-00C04F79EFBC}") = "MinhaPrimeiraApi", "MinhaPrimeiraApi\MinhaPrimeiraApi.csproj", "{C2CC3288-ADD1-453C-863D-BAB31F19349D}"
EndProject
Global
	GlobalSection(SolutionConfigurationPlatforms) = preSolution
		Debug|Any CPU = Debug|Any CPU
		Release|Any CPU = Release|Any CPU
	EndGlobalSection
	GlobalSection(ProjectConfigurationPlatforms) = postSolution
		{C2CC3288-ADD1-453C-863D-BAB31F19349D}.Debug|Any CPU.ActiveCfg = Debug|Any CPU
		{C2CC3288-ADD1-453C-863D-BAB31F19349D}.Debug|Any CPU.Build.0 = Debug|Any CPU
		{C2CC3288-ADD1-453C-863D-BAB31F19349D}.Release|Any CPU.ActiveCfg = Release|Any CPU
		{C2CC3288-ADD1-453C-863D-BAB31F19349D}.Release|Any CPU.Build.0 = Release|Any CPU
	EndGlobalSection
	GlobalSection(SolutionProperties) = preSolution
		HideSolutionNode = FALSE
	EndGlobalSection
	GlobalSection(ExtensibilityGlobals) = postSolution
		SolutionGuid = {70FEBF3F-33DD-4919-B201-D8A30C5AE922}
	EndGlobalSection
EndGlobal
